
Microsoft Visual Studio Solution File, Format Version 12.00
# Visual Studio Version 17
VisualStudioVersion = 17.3.32611.2
MinimumVisualStudioVersion = 10.0.40219.1
Project("{9A19103F-16F7-4668-BE54-9A1E7A4F7556}") = "DossIF.HMI.Domain", "src\DossIF.HMI.Domain\DossIF.HMI.Domain.csproj", "{554AD327-6DBA-4F8F-96F8-81CE7A0C863F}"
EndProject
Project("{9A19103F-16F7-4668-BE54-9A1E7A4F7556}") = "Volo.Chat.TestBase", "modules\Volo.Chat\test\Volo.Chat.TestBase\Volo.Chat.TestBase.csproj", "{6CCEAE7C-0C22-46D2-8523-A04830333A19}"
EndProject
Project("{9A19103F-16F7-4668-BE54-9A1E7A4F7556}") = "Volo.Chat.HttpApi.Client.ConsoleTestApp", "modules\Volo.Chat\test\Volo.Chat.HttpApi.Client.ConsoleTestApp\Volo.Chat.HttpApi.Client.ConsoleTestApp.csproj", "{48A3375E-570C-4C23-95BE-D2DB9A4ED728}"
EndProject
Project("{9A19103F-16F7-4668-BE54-9A1E7A4F7556}") = "Volo.Chat.EntityFrameworkCore.Tests", "modules\Volo.Chat\test\Volo.Chat.EntityFrameworkCore.Tests\Volo.Chat.EntityFrameworkCore.Tests.csproj", "{FD763A59-5D3A-4069-B12A-C0EE7E119C11}"
EndProject
Project("{9A19103F-16F7-4668-BE54-9A1E7A4F7556}") = "Volo.Chat.Domain.Tests", "modules\Volo.Chat\test\Volo.Chat.Domain.Tests\Volo.Chat.Domain.Tests.csproj", "{11B8139E-13FB-4FB4-9083-D74B730B8C68}"
EndProject
Project("{9A19103F-16F7-4668-BE54-9A1E7A4F7556}") = "Volo.Chat.Application.Tests", "modules\Volo.Chat\test\Volo.Chat.Application.Tests\Volo.Chat.Application.Tests.csproj", "{A4DBDB03-38F7-4E54-9813-E386EF254077}"
EndProject
Project("{9A19103F-16F7-4668-BE54-9A1E7A4F7556}") = "Volo.Chat.SignalR", "modules\Volo.Chat\src\Volo.Chat.SignalR\Volo.Chat.SignalR.csproj", "{3AC35ED9-6A6E-4A6C-9438-1414B1B1DF37}"
EndProject
Project("{9A19103F-16F7-4668-BE54-9A1E7A4F7556}") = "Volo.Chat.Installer", "modules\Volo.Chat\src\Volo.Chat.Installer\Volo.Chat.Installer.csproj", "{9977061E-90E9-48A7-BFFC-C402E5EB262E}"
EndProject
Project("{9A19103F-16F7-4668-BE54-9A1E7A4F7556}") = "Volo.Chat.HttpApi.Client", "modules\Volo.Chat\src\Volo.Chat.HttpApi.Client\Volo.Chat.HttpApi.Client.csproj", "{3D6738A4-ABAD-4910-83DC-8D3E49554D08}"
EndProject
Project("{9A19103F-16F7-4668-BE54-9A1E7A4F7556}") = "Volo.Chat.HttpApi", "modules\Volo.Chat\src\Volo.Chat.HttpApi\Volo.Chat.HttpApi.csproj", "{C0F1F86B-D40E-4B39-AE6E-91A7FCCECC46}"
EndProject
Project("{9A19103F-16F7-4668-BE54-9A1E7A4F7556}") = "Volo.Chat.EntityFrameworkCore", "modules\Volo.Chat\src\Volo.Chat.EntityFrameworkCore\Volo.Chat.EntityFrameworkCore.csproj", "{DEF5DEA0-5555-4DA1-9995-9D16EF259202}"
EndProject
Project("{9A19103F-16F7-4668-BE54-9A1E7A4F7556}") = "Volo.Chat.Domain.Shared", "modules\Volo.Chat\src\Volo.Chat.Domain.Shared\Volo.Chat.Domain.Shared.csproj", "{8825BDA3-3244-45A8-82C4-2957BFBADE3E}"
EndProject
Project("{9A19103F-16F7-4668-BE54-9A1E7A4F7556}") = "Volo.Chat.Domain", "modules\Volo.Chat\src\Volo.Chat.Domain\Volo.Chat.Domain.csproj", "{333C4904-B9F8-4ACE-A140-C7AD15E91372}"
EndProject
Project("{9A19103F-16F7-4668-BE54-9A1E7A4F7556}") = "Volo.Chat.Application.Contracts", "modules\Volo.Chat\src\Volo.Chat.Application.Contracts\Volo.Chat.Application.Contracts.csproj", "{9E965C77-57E6-4962-8ECA-16AE4928CD71}"
EndProject
Project("{9A19103F-16F7-4668-BE54-9A1E7A4F7556}") = "Volo.Chat.Application", "modules\Volo.Chat\src\Volo.Chat.Application\Volo.Chat.Application.csproj", "{EC0DAC81-4BDE-4994-9F0A-8E75963F4358}"
EndProject
Project("{2150E333-8FDC-42A3-9474-1A3956D46DE8}") = "Volo.Chat.Tests", "Volo.Chat.Tests", "{D224E805-2237-432E-836C-1DCC001A84E8}"
EndProject
Project("{2150E333-8FDC-42A3-9474-1A3956D46DE8}") = "Volo.Chat", "Volo.Chat", "{86332A5E-CC35-474A-9AAC-E6DAAD5C5F92}"
EndProject
Project("{2150E333-8FDC-42A3-9474-1A3956D46DE8}") = "modules", "modules", "{16042088-8FF6-4D9A-8CD2-D0CC82F52F97}"
EndProject
Project("{9A19103F-16F7-4668-BE54-9A1E7A4F7556}") = "DossIF.HMI.Application", "src\DossIF.HMI.Application\DossIF.HMI.Application.csproj", "{1A94A50E-06DC-43C1-80B5-B662820EC3EB}"
EndProject
Project("{9A19103F-16F7-4668-BE54-9A1E7A4F7556}") = "DossIF.HMI.EntityFrameworkCore", "src\DossIF.HMI.EntityFrameworkCore\DossIF.HMI.EntityFrameworkCore.csproj", "{C956DD76-69C8-4A9C-83EA-D17DF83340FD}"
EndProject
Project("{2150E333-8FDC-42A3-9474-1A3956D46DE8}") = "src", "src", "{CA9AC87F-097E-4F15-8393-4BC07735A5B0}"
EndProject
Project("{2150E333-8FDC-42A3-9474-1A3956D46DE8}") = "test", "test", "{04DBDB01-70F4-4E06-B468-8F87850B22BE}"
EndProject
Project("{9A19103F-16F7-4668-BE54-9A1E7A4F7556}") = "DossIF.HMI.Application.Tests", "test\DossIF.HMI.Application.Tests\DossIF.HMI.Application.Tests.csproj", "{50B2631D-129C-47B3-A587-029CCD6099BC}"
EndProject
Project("{9A19103F-16F7-4668-BE54-9A1E7A4F7556}") = "DossIF.HMI.Domain.Shared", "src\DossIF.HMI.Domain.Shared\DossIF.HMI.Domain.Shared.csproj", "{42F719ED-8413-4895-B5B4-5AB56079BC66}"
EndProject
Project("{9A19103F-16F7-4668-BE54-9A1E7A4F7556}") = "DossIF.HMI.Application.Contracts", "src\DossIF.HMI.Application.Contracts\DossIF.HMI.Application.Contracts.csproj", "{520659C8-C734-4298-A3DA-B539DB9DFC0B}"
EndProject
Project("{9A19103F-16F7-4668-BE54-9A1E7A4F7556}") = "DossIF.HMI.HttpApi", "src\DossIF.HMI.HttpApi\DossIF.HMI.HttpApi.csproj", "{4164BDF7-F527-4E85-9CE6-E3C2D7426A27}"
EndProject
Project("{9A19103F-16F7-4668-BE54-9A1E7A4F7556}") = "DossIF.HMI.HttpApi.Client", "src\DossIF.HMI.HttpApi.Client\DossIF.HMI.HttpApi.Client.csproj", "{3B5A0094-670D-4BB1-BFDD-61B88A8773DC}"
EndProject
Project("{9A19103F-16F7-4668-BE54-9A1E7A4F7556}") = "DossIF.HMI.EntityFrameworkCore.Tests", "test\DossIF.HMI.EntityFrameworkCore.Tests\DossIF.HMI.EntityFrameworkCore.Tests.csproj", "{1FE30EB9-74A9-47F5-A9F6-7B1FAB672D81}"
EndProject
Project("{9A19103F-16F7-4668-BE54-9A1E7A4F7556}") = "DossIF.HMI.TestBase", "test\DossIF.HMI.TestBase\DossIF.HMI.TestBase.csproj", "{91853F21-9CD9-4132-BC29-A7D5D84FFFE7}"
EndProject
Project("{9A19103F-16F7-4668-BE54-9A1E7A4F7556}") = "DossIF.HMI.Domain.Tests", "test\DossIF.HMI.Domain.Tests\DossIF.HMI.Domain.Tests.csproj", "{E512F4D9-9375-480F-A2F6-A46509F9D824}"
EndProject
Project("{9A19103F-16F7-4668-BE54-9A1E7A4F7556}") = "DossIF.HMI.HttpApi.Client.ConsoleTestApp", "test\DossIF.HMI.HttpApi.Client.ConsoleTestApp\DossIF.HMI.HttpApi.Client.ConsoleTestApp.csproj", "{EF480016-9127-4916-8735-D2466BDBC582}"
EndProject
Project("{9A19103F-16F7-4668-BE54-9A1E7A4F7556}") = "DossIF.HMI.DbMigrator", "src\DossIF.HMI.DbMigrator\DossIF.HMI.DbMigrator.csproj", "{70680696-BB1E-4383-BCB2-42C3767171FB}"
EndProject
Project("{9A19103F-16F7-4668-BE54-9A1E7A4F7556}") = "DossIF.HMI.HttpApi.Host", "src\DossIF.HMI.HttpApi.Host\DossIF.HMI.HttpApi.Host.csproj", "{96E5259E-59A3-4FAF-BCD1-5BF8E74EF82C}"
EndProject
Project("{9A19103F-16F7-4668-BE54-9A1E7A4F7556}") = "DossIF.HMI.Web.Public", "src\DossIF.HMI.Web.Public\DossIF.HMI.Web.Public.csproj", "{872D80ED-2A7D-472F-BBB6-0BAC5FDCE717}"
EndProject
Global
	GlobalSection(SolutionConfigurationPlatforms) = preSolution
		Debug|Any CPU = Debug|Any CPU
		Release|Any CPU = Release|Any CPU
	EndGlobalSection
	GlobalSection(ProjectConfigurationPlatforms) = postSolution
		{554AD327-6DBA-4F8F-96F8-81CE7A0C863F}.Debug|Any CPU.ActiveCfg = Debug|Any CPU
		{554AD327-6DBA-4F8F-96F8-81CE7A0C863F}.Debug|Any CPU.Build.0 = Debug|Any CPU
		{554AD327-6DBA-4F8F-96F8-81CE7A0C863F}.Release|Any CPU.ActiveCfg = Release|Any CPU
		{554AD327-6DBA-4F8F-96F8-81CE7A0C863F}.Release|Any CPU.Build.0 = Release|Any CPU
		{6CCEAE7C-0C22-46D2-8523-A04830333A19}.Debug|Any CPU.ActiveCfg = Debug|Any CPU
		{6CCEAE7C-0C22-46D2-8523-A04830333A19}.Debug|Any CPU.Build.0 = Debug|Any CPU
		{6CCEAE7C-0C22-46D2-8523-A04830333A19}.Release|Any CPU.ActiveCfg = Release|Any CPU
		{6CCEAE7C-0C22-46D2-8523-A04830333A19}.Release|Any CPU.Build.0 = Release|Any CPU
		{48A3375E-570C-4C23-95BE-D2DB9A4ED728}.Debug|Any CPU.ActiveCfg = Debug|Any CPU
		{48A3375E-570C-4C23-95BE-D2DB9A4ED728}.Debug|Any CPU.Build.0 = Debug|Any CPU
		{48A3375E-570C-4C23-95BE-D2DB9A4ED728}.Release|Any CPU.ActiveCfg = Release|Any CPU
		{48A3375E-570C-4C23-95BE-D2DB9A4ED728}.Release|Any CPU.Build.0 = Release|Any CPU
		{FD763A59-5D3A-4069-B12A-C0EE7E119C11}.Debug|Any CPU.ActiveCfg = Debug|Any CPU
		{FD763A59-5D3A-4069-B12A-C0EE7E119C11}.Debug|Any CPU.Build.0 = Debug|Any CPU
		{FD763A59-5D3A-4069-B12A-C0EE7E119C11}.Release|Any CPU.ActiveCfg = Release|Any CPU
		{FD763A59-5D3A-4069-B12A-C0EE7E119C11}.Release|Any CPU.Build.0 = Release|Any CPU
		{11B8139E-13FB-4FB4-9083-D74B730B8C68}.Debug|Any CPU.ActiveCfg = Debug|Any CPU
		{11B8139E-13FB-4FB4-9083-D74B730B8C68}.Debug|Any CPU.Build.0 = Debug|Any CPU
		{11B8139E-13FB-4FB4-9083-D74B730B8C68}.Release|Any CPU.ActiveCfg = Release|Any CPU
		{11B8139E-13FB-4FB4-9083-D74B730B8C68}.Release|Any CPU.Build.0 = Release|Any CPU
		{A4DBDB03-38F7-4E54-9813-E386EF254077}.Debug|Any CPU.ActiveCfg = Debug|Any CPU
		{A4DBDB03-38F7-4E54-9813-E386EF254077}.Debug|Any CPU.Build.0 = Debug|Any CPU
		{A4DBDB03-38F7-4E54-9813-E386EF254077}.Release|Any CPU.ActiveCfg = Release|Any CPU
		{A4DBDB03-38F7-4E54-9813-E386EF254077}.Release|Any CPU.Build.0 = Release|Any CPU
		{3AC35ED9-6A6E-4A6C-9438-1414B1B1DF37}.Debug|Any CPU.ActiveCfg = Debug|Any CPU
		{3AC35ED9-6A6E-4A6C-9438-1414B1B1DF37}.Debug|Any CPU.Build.0 = Debug|Any CPU
		{3AC35ED9-6A6E-4A6C-9438-1414B1B1DF37}.Release|Any CPU.ActiveCfg = Release|Any CPU
		{3AC35ED9-6A6E-4A6C-9438-1414B1B1DF37}.Release|Any CPU.Build.0 = Release|Any CPU
		{9977061E-90E9-48A7-BFFC-C402E5EB262E}.Debug|Any CPU.ActiveCfg = Debug|Any CPU
		{9977061E-90E9-48A7-BFFC-C402E5EB262E}.Debug|Any CPU.Build.0 = Debug|Any CPU
		{9977061E-90E9-48A7-BFFC-C402E5EB262E}.Release|Any CPU.ActiveCfg = Release|Any CPU
		{9977061E-90E9-48A7-BFFC-C402E5EB262E}.Release|Any CPU.Build.0 = Release|Any CPU
		{3D6738A4-ABAD-4910-83DC-8D3E49554D08}.Debug|Any CPU.ActiveCfg = Debug|Any CPU
		{3D6738A4-ABAD-4910-83DC-8D3E49554D08}.Debug|Any CPU.Build.0 = Debug|Any CPU
		{3D6738A4-ABAD-4910-83DC-8D3E49554D08}.Release|Any CPU.ActiveCfg = Release|Any CPU
		{3D6738A4-ABAD-4910-83DC-8D3E49554D08}.Release|Any CPU.Build.0 = Release|Any CPU
		{C0F1F86B-D40E-4B39-AE6E-91A7FCCECC46}.Debug|Any CPU.ActiveCfg = Debug|Any CPU
		{C0F1F86B-D40E-4B39-AE6E-91A7FCCECC46}.Debug|Any CPU.Build.0 = Debug|Any CPU
		{C0F1F86B-D40E-4B39-AE6E-91A7FCCECC46}.Release|Any CPU.ActiveCfg = Release|Any CPU
		{C0F1F86B-D40E-4B39-AE6E-91A7FCCECC46}.Release|Any CPU.Build.0 = Release|Any CPU
		{DEF5DEA0-5555-4DA1-9995-9D16EF259202}.Debug|Any CPU.ActiveCfg = Debug|Any CPU
		{DEF5DEA0-5555-4DA1-9995-9D16EF259202}.Debug|Any CPU.Build.0 = Debug|Any CPU
		{DEF5DEA0-5555-4DA1-9995-9D16EF259202}.Release|Any CPU.ActiveCfg = Release|Any CPU
		{DEF5DEA0-5555-4DA1-9995-9D16EF259202}.Release|Any CPU.Build.0 = Release|Any CPU
		{8825BDA3-3244-45A8-82C4-2957BFBADE3E}.Debug|Any CPU.ActiveCfg = Debug|Any CPU
		{8825BDA3-3244-45A8-82C4-2957BFBADE3E}.Debug|Any CPU.Build.0 = Debug|Any CPU
		{8825BDA3-3244-45A8-82C4-2957BFBADE3E}.Release|Any CPU.ActiveCfg = Release|Any CPU
		{8825BDA3-3244-45A8-82C4-2957BFBADE3E}.Release|Any CPU.Build.0 = Release|Any CPU
		{333C4904-B9F8-4ACE-A140-C7AD15E91372}.Debug|Any CPU.ActiveCfg = Debug|Any CPU
		{333C4904-B9F8-4ACE-A140-C7AD15E91372}.Debug|Any CPU.Build.0 = Debug|Any CPU
		{333C4904-B9F8-4ACE-A140-C7AD15E91372}.Release|Any CPU.ActiveCfg = Release|Any CPU
		{333C4904-B9F8-4ACE-A140-C7AD15E91372}.Release|Any CPU.Build.0 = Release|Any CPU
		{9E965C77-57E6-4962-8ECA-16AE4928CD71}.Debug|Any CPU.ActiveCfg = Debug|Any CPU
		{9E965C77-57E6-4962-8ECA-16AE4928CD71}.Debug|Any CPU.Build.0 = Debug|Any CPU
		{9E965C77-57E6-4962-8ECA-16AE4928CD71}.Release|Any CPU.ActiveCfg = Release|Any CPU
		{9E965C77-57E6-4962-8ECA-16AE4928CD71}.Release|Any CPU.Build.0 = Release|Any CPU
		{EC0DAC81-4BDE-4994-9F0A-8E75963F4358}.Debug|Any CPU.ActiveCfg = Debug|Any CPU
		{EC0DAC81-4BDE-4994-9F0A-8E75963F4358}.Debug|Any CPU.Build.0 = Debug|Any CPU
		{EC0DAC81-4BDE-4994-9F0A-8E75963F4358}.Release|Any CPU.ActiveCfg = Release|Any CPU
		{EC0DAC81-4BDE-4994-9F0A-8E75963F4358}.Release|Any CPU.Build.0 = Release|Any CPU
		{1A94A50E-06DC-43C1-80B5-B662820EC3EB}.Debug|Any CPU.ActiveCfg = Debug|Any CPU
		{1A94A50E-06DC-43C1-80B5-B662820EC3EB}.Debug|Any CPU.Build.0 = Debug|Any CPU
		{1A94A50E-06DC-43C1-80B5-B662820EC3EB}.Release|Any CPU.ActiveCfg = Release|Any CPU
		{1A94A50E-06DC-43C1-80B5-B662820EC3EB}.Release|Any CPU.Build.0 = Release|Any CPU
		{C956DD76-69C8-4A9C-83EA-D17DF83340FD}.Debug|Any CPU.ActiveCfg = Debug|Any CPU
		{C956DD76-69C8-4A9C-83EA-D17DF83340FD}.Debug|Any CPU.Build.0 = Debug|Any CPU
		{C956DD76-69C8-4A9C-83EA-D17DF83340FD}.Release|Any CPU.ActiveCfg = Release|Any CPU
		{C956DD76-69C8-4A9C-83EA-D17DF83340FD}.Release|Any CPU.Build.0 = Release|Any CPU
		{50B2631D-129C-47B3-A587-029CCD6099BC}.Debug|Any CPU.ActiveCfg = Debug|Any CPU
		{50B2631D-129C-47B3-A587-029CCD6099BC}.Debug|Any CPU.Build.0 = Debug|Any CPU
		{50B2631D-129C-47B3-A587-029CCD6099BC}.Release|Any CPU.ActiveCfg = Release|Any CPU
		{50B2631D-129C-47B3-A587-029CCD6099BC}.Release|Any CPU.Build.0 = Release|Any CPU
		{42F719ED-8413-4895-B5B4-5AB56079BC66}.Debug|Any CPU.ActiveCfg = Debug|Any CPU
		{42F719ED-8413-4895-B5B4-5AB56079BC66}.Debug|Any CPU.Build.0 = Debug|Any CPU
		{42F719ED-8413-4895-B5B4-5AB56079BC66}.Release|Any CPU.ActiveCfg = Release|Any CPU
		{42F719ED-8413-4895-B5B4-5AB56079BC66}.Release|Any CPU.Build.0 = Release|Any CPU
		{520659C8-C734-4298-A3DA-B539DB9DFC0B}.Debug|Any CPU.ActiveCfg = Debug|Any CPU
		{520659C8-C734-4298-A3DA-B539DB9DFC0B}.Debug|Any CPU.Build.0 = Debug|Any CPU
		{520659C8-C734-4298-A3DA-B539DB9DFC0B}.Release|Any CPU.ActiveCfg = Release|Any CPU
		{520659C8-C734-4298-A3DA-B539DB9DFC0B}.Release|Any CPU.Build.0 = Release|Any CPU
		{4164BDF7-F527-4E85-9CE6-E3C2D7426A27}.Debug|Any CPU.ActiveCfg = Debug|Any CPU
		{4164BDF7-F527-4E85-9CE6-E3C2D7426A27}.Debug|Any CPU.Build.0 = Debug|Any CPU
		{4164BDF7-F527-4E85-9CE6-E3C2D7426A27}.Release|Any CPU.ActiveCfg = Release|Any CPU
		{4164BDF7-F527-4E85-9CE6-E3C2D7426A27}.Release|Any CPU.Build.0 = Release|Any CPU
		{3B5A0094-670D-4BB1-BFDD-61B88A8773DC}.Debug|Any CPU.ActiveCfg = Debug|Any CPU
		{3B5A0094-670D-4BB1-BFDD-61B88A8773DC}.Debug|Any CPU.Build.0 = Debug|Any CPU
		{3B5A0094-670D-4BB1-BFDD-61B88A8773DC}.Release|Any CPU.ActiveCfg = Release|Any CPU
		{3B5A0094-670D-4BB1-BFDD-61B88A8773DC}.Release|Any CPU.Build.0 = Release|Any CPU
		{1FE30EB9-74A9-47F5-A9F6-7B1FAB672D81}.Debug|Any CPU.ActiveCfg = Debug|Any CPU
		{1FE30EB9-74A9-47F5-A9F6-7B1FAB672D81}.Debug|Any CPU.Build.0 = Debug|Any CPU
		{1FE30EB9-74A9-47F5-A9F6-7B1FAB672D81}.Release|Any CPU.ActiveCfg = Release|Any CPU
		{1FE30EB9-74A9-47F5-A9F6-7B1FAB672D81}.Release|Any CPU.Build.0 = Release|Any CPU
		{91853F21-9CD9-4132-BC29-A7D5D84FFFE7}.Debug|Any CPU.ActiveCfg = Debug|Any CPU
		{91853F21-9CD9-4132-BC29-A7D5D84FFFE7}.Debug|Any CPU.Build.0 = Debug|Any CPU
		{91853F21-9CD9-4132-BC29-A7D5D84FFFE7}.Release|Any CPU.ActiveCfg = Release|Any CPU
		{91853F21-9CD9-4132-BC29-A7D5D84FFFE7}.Release|Any CPU.Build.0 = Release|Any CPU
		{E512F4D9-9375-480F-A2F6-A46509F9D824}.Debug|Any CPU.ActiveCfg = Debug|Any CPU
		{E512F4D9-9375-480F-A2F6-A46509F9D824}.Debug|Any CPU.Build.0 = Debug|Any CPU
		{E512F4D9-9375-480F-A2F6-A46509F9D824}.Release|Any CPU.ActiveCfg = Release|Any CPU
		{E512F4D9-9375-480F-A2F6-A46509F9D824}.Release|Any CPU.Build.0 = Release|Any CPU
		{EF480016-9127-4916-8735-D2466BDBC582}.Debug|Any CPU.ActiveCfg = Debug|Any CPU
		{EF480016-9127-4916-8735-D2466BDBC582}.Debug|Any CPU.Build.0 = Debug|Any CPU
		{EF480016-9127-4916-8735-D2466BDBC582}.Release|Any CPU.ActiveCfg = Release|Any CPU
		{EF480016-9127-4916-8735-D2466BDBC582}.Release|Any CPU.Build.0 = Release|Any CPU
		{70680696-BB1E-4383-BCB2-42C3767171FB}.Debug|Any CPU.ActiveCfg = Debug|Any CPU
		{70680696-BB1E-4383-BCB2-42C3767171FB}.Debug|Any CPU.Build.0 = Debug|Any CPU
		{70680696-BB1E-4383-BCB2-42C3767171FB}.Release|Any CPU.ActiveCfg = Release|Any CPU
		{70680696-BB1E-4383-BCB2-42C3767171FB}.Release|Any CPU.Build.0 = Release|Any CPU
		{96E5259E-59A3-4FAF-BCD1-5BF8E74EF82C}.Debug|Any CPU.ActiveCfg = Debug|Any CPU
		{96E5259E-59A3-4FAF-BCD1-5BF8E74EF82C}.Debug|Any CPU.Build.0 = Debug|Any CPU
		{96E5259E-59A3-4FAF-BCD1-5BF8E74EF82C}.Release|Any CPU.ActiveCfg = Release|Any CPU
		{96E5259E-59A3-4FAF-BCD1-5BF8E74EF82C}.Release|Any CPU.Build.0 = Release|Any CPU
		{872D80ED-2A7D-472F-BBB6-0BAC5FDCE717}.Debug|Any CPU.ActiveCfg = Debug|Any CPU
		{872D80ED-2A7D-472F-BBB6-0BAC5FDCE717}.Debug|Any CPU.Build.0 = Debug|Any CPU
		{872D80ED-2A7D-472F-BBB6-0BAC5FDCE717}.Release|Any CPU.ActiveCfg = Release|Any CPU
		{872D80ED-2A7D-472F-BBB6-0BAC5FDCE717}.Release|Any CPU.Build.0 = Release|Any CPU
	EndGlobalSection
	GlobalSection(SolutionProperties) = preSolution
		HideSolutionNode = FALSE
	EndGlobalSection
	GlobalSection(NestedProjects) = preSolution
		{554AD327-6DBA-4F8F-96F8-81CE7A0C863F} = {CA9AC87F-097E-4F15-8393-4BC07735A5B0}
		{6CCEAE7C-0C22-46D2-8523-A04830333A19} = {D224E805-2237-432E-836C-1DCC001A84E8}
		{48A3375E-570C-4C23-95BE-D2DB9A4ED728} = {D224E805-2237-432E-836C-1DCC001A84E8}
		{FD763A59-5D3A-4069-B12A-C0EE7E119C11} = {D224E805-2237-432E-836C-1DCC001A84E8}
		{11B8139E-13FB-4FB4-9083-D74B730B8C68} = {D224E805-2237-432E-836C-1DCC001A84E8}
		{A4DBDB03-38F7-4E54-9813-E386EF254077} = {D224E805-2237-432E-836C-1DCC001A84E8}
		{3AC35ED9-6A6E-4A6C-9438-1414B1B1DF37} = {86332A5E-CC35-474A-9AAC-E6DAAD5C5F92}
		{9977061E-90E9-48A7-BFFC-C402E5EB262E} = {86332A5E-CC35-474A-9AAC-E6DAAD5C5F92}
		{3D6738A4-ABAD-4910-83DC-8D3E49554D08} = {86332A5E-CC35-474A-9AAC-E6DAAD5C5F92}
		{C0F1F86B-D40E-4B39-AE6E-91A7FCCECC46} = {86332A5E-CC35-474A-9AAC-E6DAAD5C5F92}
		{DEF5DEA0-5555-4DA1-9995-9D16EF259202} = {86332A5E-CC35-474A-9AAC-E6DAAD5C5F92}
		{8825BDA3-3244-45A8-82C4-2957BFBADE3E} = {86332A5E-CC35-474A-9AAC-E6DAAD5C5F92}
		{333C4904-B9F8-4ACE-A140-C7AD15E91372} = {86332A5E-CC35-474A-9AAC-E6DAAD5C5F92}
		{9E965C77-57E6-4962-8ECA-16AE4928CD71} = {86332A5E-CC35-474A-9AAC-E6DAAD5C5F92}
		{EC0DAC81-4BDE-4994-9F0A-8E75963F4358} = {86332A5E-CC35-474A-9AAC-E6DAAD5C5F92}
		{D224E805-2237-432E-836C-1DCC001A84E8} = {04DBDB01-70F4-4E06-B468-8F87850B22BE}
		{86332A5E-CC35-474A-9AAC-E6DAAD5C5F92} = {16042088-8FF6-4D9A-8CD2-D0CC82F52F97}
		{1A94A50E-06DC-43C1-80B5-B662820EC3EB} = {CA9AC87F-097E-4F15-8393-4BC07735A5B0}
		{C956DD76-69C8-4A9C-83EA-D17DF83340FD} = {CA9AC87F-097E-4F15-8393-4BC07735A5B0}
		{50B2631D-129C-47B3-A587-029CCD6099BC} = {04DBDB01-70F4-4E06-B468-8F87850B22BE}
		{42F719ED-8413-4895-B5B4-5AB56079BC66} = {CA9AC87F-097E-4F15-8393-4BC07735A5B0}
		{520659C8-C734-4298-A3DA-B539DB9DFC0B} = {CA9AC87F-097E-4F15-8393-4BC07735A5B0}
		{4164BDF7-F527-4E85-9CE6-E3C2D7426A27} = {CA9AC87F-097E-4F15-8393-4BC07735A5B0}
		{3B5A0094-670D-4BB1-BFDD-61B88A8773DC} = {CA9AC87F-097E-4F15-8393-4BC07735A5B0}
		{1FE30EB9-74A9-47F5-A9F6-7B1FAB672D81} = {04DBDB01-70F4-4E06-B468-8F87850B22BE}
		{91853F21-9CD9-4132-BC29-A7D5D84FFFE7} = {04DBDB01-70F4-4E06-B468-8F87850B22BE}
		{E512F4D9-9375-480F-A2F6-A46509F9D824} = {04DBDB01-70F4-4E06-B468-8F87850B22BE}
		{EF480016-9127-4916-8735-D2466BDBC582} = {04DBDB01-70F4-4E06-B468-8F87850B22BE}
		{70680696-BB1E-4383-BCB2-42C3767171FB} = {CA9AC87F-097E-4F15-8393-4BC07735A5B0}
		{96E5259E-59A3-4FAF-BCD1-5BF8E74EF82C} = {CA9AC87F-097E-4F15-8393-4BC07735A5B0}
		{872D80ED-2A7D-472F-BBB6-0BAC5FDCE717} = {CA9AC87F-097E-4F15-8393-4BC07735A5B0}
	EndGlobalSection
	GlobalSection(ExtensibilityGlobals) = postSolution
		SolutionGuid = {7A4D70C5-2B30-F485-826B-8AC905A1076F}
	EndGlobalSection
EndGlobal
